
Microsoft Visual Studio Solution File, Format Version 11.00
# Visual Studio 2010
Project("{FAE04EC0-301F-11D3-BF4B-00C04F79EFBC}") = "hors d'oeuvres", "Assembly-CSharp.csproj", "{E1ED3E5A-6D4C-F7D1-7D5B-8BD82F154738}"
EndProject
Global
	GlobalSection(SolutionConfigurationPlatforms) = preSolution
		Debug|Any CPU = Debug|Any CPU
		Release|Any CPU = Release|Any CPU
	EndGlobalSection
	GlobalSection(ProjectConfigurationPlatforms) = postSolution
		{E1ED3E5A-6D4C-F7D1-7D5B-8BD82F154738}.Debug|Any CPU.ActiveCfg = Debug|Any CPU
		{E1ED3E5A-6D4C-F7D1-7D5B-8BD82F154738}.Debug|Any CPU.Build.0 = Debug|Any CPU
		{E1ED3E5A-6D4C-F7D1-7D5B-8BD82F154738}.Release|Any CPU.ActiveCfg = Release|Any CPU
		{E1ED3E5A-6D4C-F7D1-7D5B-8BD82F154738}.Release|Any CPU.Build.0 = Release|Any CPU
	EndGlobalSection
	GlobalSection(SolutionProperties) = preSolution
		HideSolutionNode = FALSE
	EndGlobalSection
	GlobalSection(MonoDevelopProperties) = preSolution
		StartupItem = Assembly-CSharp.csproj
	EndGlobalSection
EndGlobal
